
Microsoft Visual Studio Solution File, Format Version 12.00
# Visual Studio Version 17
VisualStudioVersion = 17.9.34728.123
MinimumVisualStudioVersion = 10.0.40219.1
Project("{FAE04EC0-301F-11D3-BF4B-00C04F79EFBC}") = "BookManageSystem", "BookManageSystem\BookManageSystem.csproj", "{6A3CA39D-6ED1-42DE-BE10-4495714FE513}"
EndProject
Global
	GlobalSection(SolutionConfigurationPlatforms) = preSolution
		Debug|Any CPU = Debug|Any CPU
		Release|Any CPU = Release|Any CPU
	EndGlobalSection
	GlobalSection(ProjectConfigurationPlatforms) = postSolution
		{6A3CA39D-6ED1-42DE-BE10-4495714FE513}.Debug|Any CPU.ActiveCfg = Debug|Any CPU
		{6A3CA39D-6ED1-42DE-BE10-4495714FE513}.Debug|Any CPU.Build.0 = Debug|Any CPU
		{6A3CA39D-6ED1-42DE-BE10-4495714FE513}.Release|Any CPU.ActiveCfg = Release|Any CPU
		{6A3CA39D-6ED1-42DE-BE10-4495714FE513}.Release|Any CPU.Build.0 = Release|Any CPU
	EndGlobalSection
	GlobalSection(SolutionProperties) = preSolution
		HideSolutionNode = FALSE
	EndGlobalSection
	GlobalSection(ExtensibilityGlobals) = postSolution
		SolutionGuid = {F3BA86D3-DBE0-4AF5-B348-136CE421C238}
	EndGlobalSection
EndGlobal
